
Microsoft Visual Studio Solution File, Format Version 12.00
# Visual Studio 15
VisualStudioVersion = 15.0.26124.0
MinimumVisualStudioVersion = 15.0.26124.0
Project("{FAE04EC0-301F-11D3-BF4B-00C04F79EFBC}") = "SlackBot.Api", "src\SlackBot.Api\SlackBot.Api.csproj", "{0CA97E66-CC62-4561-B320-B262E46124F6}"
EndProject
Project("{FAE04EC0-301F-11D3-BF4B-00C04F79EFBC}") = "SlackBot.Api.Tests", "tests\SlackBot.Api.Tests\SlackBot.Api.Tests.csproj", "{088A2F50-F1B5-4E75-9EA7-DFF186A3127F}"
EndProject
Project("{FAE04EC0-301F-11D3-BF4B-00C04F79EFBC}") = "SlackBot.Domain", "src\SlackBot.Domain\SlackBot.Domain.csproj", "{822208C9-0C3E-4567-9533-1C4F05D712B3}"
EndProject
Global
	GlobalSection(SolutionConfigurationPlatforms) = preSolution
		Debug|Any CPU = Debug|Any CPU
		Debug|x64 = Debug|x64
		Debug|x86 = Debug|x86
		Release|Any CPU = Release|Any CPU
		Release|x64 = Release|x64
		Release|x86 = Release|x86
	EndGlobalSection
	GlobalSection(SolutionProperties) = preSolution
		HideSolutionNode = FALSE
	EndGlobalSection
	GlobalSection(ProjectConfigurationPlatforms) = postSolution
		{0CA97E66-CC62-4561-B320-B262E46124F6}.Debug|Any CPU.ActiveCfg = Debug|Any CPU
		{0CA97E66-CC62-4561-B320-B262E46124F6}.Debug|Any CPU.Build.0 = Debug|Any CPU
		{0CA97E66-CC62-4561-B320-B262E46124F6}.Debug|x64.ActiveCfg = Debug|x64
		{0CA97E66-CC62-4561-B320-B262E46124F6}.Debug|x64.Build.0 = Debug|x64
		{0CA97E66-CC62-4561-B320-B262E46124F6}.Debug|x86.ActiveCfg = Debug|x86
		{0CA97E66-CC62-4561-B320-B262E46124F6}.Debug|x86.Build.0 = Debug|x86
		{0CA97E66-CC62-4561-B320-B262E46124F6}.Release|Any CPU.ActiveCfg = Release|Any CPU
		{0CA97E66-CC62-4561-B320-B262E46124F6}.Release|Any CPU.Build.0 = Release|Any CPU
		{0CA97E66-CC62-4561-B320-B262E46124F6}.Release|x64.ActiveCfg = Release|x64
		{0CA97E66-CC62-4561-B320-B262E46124F6}.Release|x64.Build.0 = Release|x64
		{0CA97E66-CC62-4561-B320-B262E46124F6}.Release|x86.ActiveCfg = Release|x86
		{0CA97E66-CC62-4561-B320-B262E46124F6}.Release|x86.Build.0 = Release|x86
		{088A2F50-F1B5-4E75-9EA7-DFF186A3127F}.Debug|Any CPU.ActiveCfg = Debug|Any CPU
		{088A2F50-F1B5-4E75-9EA7-DFF186A3127F}.Debug|Any CPU.Build.0 = Debug|Any CPU
		{088A2F50-F1B5-4E75-9EA7-DFF186A3127F}.Debug|x64.ActiveCfg = Debug|x64
		{088A2F50-F1B5-4E75-9EA7-DFF186A3127F}.Debug|x64.Build.0 = Debug|x64
		{088A2F50-F1B5-4E75-9EA7-DFF186A3127F}.Debug|x86.ActiveCfg = Debug|x86
		{088A2F50-F1B5-4E75-9EA7-DFF186A3127F}.Debug|x86.Build.0 = Debug|x86
		{088A2F50-F1B5-4E75-9EA7-DFF186A3127F}.Release|Any CPU.ActiveCfg = Release|Any CPU
		{088A2F50-F1B5-4E75-9EA7-DFF186A3127F}.Release|Any CPU.Build.0 = Release|Any CPU
		{088A2F50-F1B5-4E75-9EA7-DFF186A3127F}.Release|x64.ActiveCfg = Release|x64
		{088A2F50-F1B5-4E75-9EA7-DFF186A3127F}.Release|x64.Build.0 = Release|x64
		{088A2F50-F1B5-4E75-9EA7-DFF186A3127F}.Release|x86.ActiveCfg = Release|x86
		{088A2F50-F1B5-4E75-9EA7-DFF186A3127F}.Release|x86.Build.0 = Release|x86
		{822208C9-0C3E-4567-9533-1C4F05D712B3}.Debug|Any CPU.ActiveCfg = Debug|Any CPU
		{822208C9-0C3E-4567-9533-1C4F05D712B3}.Debug|Any CPU.Build.0 = Debug|Any CPU
		{822208C9-0C3E-4567-9533-1C4F05D712B3}.Debug|x64.ActiveCfg = Debug|Any CPU
		{822208C9-0C3E-4567-9533-1C4F05D712B3}.Debug|x64.Build.0 = Debug|Any CPU
		{822208C9-0C3E-4567-9533-1C4F05D712B3}.Debug|x86.ActiveCfg = Debug|Any CPU
		{822208C9-0C3E-4567-9533-1C4F05D712B3}.Debug|x86.Build.0 = Debug|Any CPU
		{822208C9-0C3E-4567-9533-1C4F05D712B3}.Release|Any CPU.ActiveCfg = Release|Any CPU
		{822208C9-0C3E-4567-9533-1C4F05D712B3}.Release|Any CPU.Build.0 = Release|Any CPU
		{822208C9-0C3E-4567-9533-1C4F05D712B3}.Release|x64.ActiveCfg = Release|Any CPU
		{822208C9-0C3E-4567-9533-1C4F05D712B3}.Release|x64.Build.0 = Release|Any CPU
		{822208C9-0C3E-4567-9533-1C4F05D712B3}.Release|x86.ActiveCfg = Release|Any CPU
		{822208C9-0C3E-4567-9533-1C4F05D712B3}.Release|x86.Build.0 = Release|Any CPU
	EndGlobalSection
	GlobalSection(NestedProjects) = preSolution
	EndGlobalSection
EndGlobal
